{
  "object": {
    "pins": [
      {
        "package": "OEVoice",
        "repositoryURL": "https://github.com/ryanlintott/OEVoice.git",
        "state": {
          "branch": "main",
          "revision": "5e1d3cce5a108fe1beb9e36bf540a52560f90de1",
          "version": null
        }
      }
    ]
  },
  "version": 1
}
